
Microsoft Visual Studio Solution File, Format Version 12.00
# Visual Studio Version 17
VisualStudioVersion = 17.11.35327.3
MinimumVisualStudioVersion = 10.0.40219.1
Project("{FAE04EC0-301F-11D3-BF4B-00C04F79EFBC}") = "FirstGame", "FirstGame.csproj", "{C58D345C-1239-41BF-AB9C-964E159FE6AD}"
EndProject
Global
	GlobalSection(SolutionConfigurationPlatforms) = preSolution
		Debug|Any CPU = Debug|Any CPU
		Release|Any CPU = Release|Any CPU
	EndGlobalSection
	GlobalSection(ProjectConfigurationPlatforms) = postSolution
		{C58D345C-1239-41BF-AB9C-964E159FE6AD}.Debug|Any CPU.ActiveCfg = Debug|Any CPU
		{C58D345C-1239-41BF-AB9C-964E159FE6AD}.Debug|Any CPU.Build.0 = Debug|Any CPU
		{C58D345C-1239-41BF-AB9C-964E159FE6AD}.Release|Any CPU.ActiveCfg = Release|Any CPU
		{C58D345C-1239-41BF-AB9C-964E159FE6AD}.Release|Any CPU.Build.0 = Release|Any CPU
	EndGlobalSection
	GlobalSection(SolutionProperties) = preSolution
		HideSolutionNode = FALSE
	EndGlobalSection
	GlobalSection(ExtensibilityGlobals) = postSolution
		SolutionGuid = {307B60C4-EFC8-4946-901D-2012E0749C22}
	EndGlobalSection
EndGlobal
